
Microsoft Visual Studio Solution File, Format Version 12.00
# Visual Studio Version 17
VisualStudioVersion = 17.0.32112.339
MinimumVisualStudioVersion = 10.0.40219.1
Project("{9A19103F-16F7-4668-BE54-9A1E7A4F7556}") = "Tienda.Servicios.Api.Autor", "Tienda.Servicios.Api.Autor\Tienda.Servicios.Api.Autor.csproj", "{7DCE6938-8BDD-446D-B4BC-6AF8BC6FC67C}"
EndProject
Project("{2150E333-8FDC-42A3-9474-1A3956D46DE8}") = "Solution Items", "Solution Items", "{8AD9597D-EF59-4A5C-B4C3-C6342FAD1C31}"
	ProjectSection(SolutionItems) = preProject
		.editorconfig = .editorconfig
	EndProjectSection
EndProject
Project("{9A19103F-16F7-4668-BE54-9A1E7A4F7556}") = "Tienda.Servicios.Api.Libro", "Tienda.Servicios.Api.Libro\Tienda.Servicios.Api.Libro.csproj", "{F1E8CD81-154C-4D27-878A-B2BFA45059BA}"
EndProject
Project("{9A19103F-16F7-4668-BE54-9A1E7A4F7556}") = "Tienda.Servicios.Api.CarritoCompra", "Tienda.Servicios.Api.CarritoCompra\Tienda.Servicios.Api.CarritoCompra.csproj", "{1074C4BF-9A92-47AC-9C00-EE08D7C0E805}"
EndProject
Project("{9A19103F-16F7-4668-BE54-9A1E7A4F7556}") = "Tienda.Servicios.Api.Gateway", "Tienda.Servicios.Api.Gateway\Tienda.Servicios.Api.Gateway.csproj", "{0E548FAF-A76A-46F6-BF89-B4490A0C5C79}"
EndProject
Project("{E53339B2-1760-4266-BCC7-CA923CBCF16C}") = "docker-compose", "docker-compose.dcproj", "{9E954CE2-344A-499D-A44A-60780D5ADB1E}"
EndProject
Project("{FAE04EC0-301F-11D3-BF4B-00C04F79EFBC}") = "Tienda.Servicios.RabbitMQ.Bus", "..\Tienda.Servicios.RabbitMQ.Bus\Tienda.Servicios.RabbitMQ.Bus.csproj", "{F3A642E5-B71D-49F9-9FAE-8D874B98EE99}"
EndProject
Global
	GlobalSection(SolutionConfigurationPlatforms) = preSolution
		Debug|Any CPU = Debug|Any CPU
		Release|Any CPU = Release|Any CPU
	EndGlobalSection
	GlobalSection(ProjectConfigurationPlatforms) = postSolution
		{7DCE6938-8BDD-446D-B4BC-6AF8BC6FC67C}.Debug|Any CPU.ActiveCfg = Debug|Any CPU
		{7DCE6938-8BDD-446D-B4BC-6AF8BC6FC67C}.Debug|Any CPU.Build.0 = Debug|Any CPU
		{7DCE6938-8BDD-446D-B4BC-6AF8BC6FC67C}.Release|Any CPU.ActiveCfg = Release|Any CPU
		{7DCE6938-8BDD-446D-B4BC-6AF8BC6FC67C}.Release|Any CPU.Build.0 = Release|Any CPU
		{F1E8CD81-154C-4D27-878A-B2BFA45059BA}.Debug|Any CPU.ActiveCfg = Debug|Any CPU
		{F1E8CD81-154C-4D27-878A-B2BFA45059BA}.Debug|Any CPU.Build.0 = Debug|Any CPU
		{F1E8CD81-154C-4D27-878A-B2BFA45059BA}.Release|Any CPU.ActiveCfg = Release|Any CPU
		{F1E8CD81-154C-4D27-878A-B2BFA45059BA}.Release|Any CPU.Build.0 = Release|Any CPU
		{1074C4BF-9A92-47AC-9C00-EE08D7C0E805}.Debug|Any CPU.ActiveCfg = Debug|Any CPU
		{1074C4BF-9A92-47AC-9C00-EE08D7C0E805}.Debug|Any CPU.Build.0 = Debug|Any CPU
		{1074C4BF-9A92-47AC-9C00-EE08D7C0E805}.Release|Any CPU.ActiveCfg = Release|Any CPU
		{1074C4BF-9A92-47AC-9C00-EE08D7C0E805}.Release|Any CPU.Build.0 = Release|Any CPU
		{0E548FAF-A76A-46F6-BF89-B4490A0C5C79}.Debug|Any CPU.ActiveCfg = Debug|Any CPU
		{0E548FAF-A76A-46F6-BF89-B4490A0C5C79}.Debug|Any CPU.Build.0 = Debug|Any CPU
		{0E548FAF-A76A-46F6-BF89-B4490A0C5C79}.Release|Any CPU.ActiveCfg = Release|Any CPU
		{0E548FAF-A76A-46F6-BF89-B4490A0C5C79}.Release|Any CPU.Build.0 = Release|Any CPU
		{9E954CE2-344A-499D-A44A-60780D5ADB1E}.Debug|Any CPU.ActiveCfg = Debug|Any CPU
		{9E954CE2-344A-499D-A44A-60780D5ADB1E}.Debug|Any CPU.Build.0 = Debug|Any CPU
		{9E954CE2-344A-499D-A44A-60780D5ADB1E}.Release|Any CPU.ActiveCfg = Release|Any CPU
		{9E954CE2-344A-499D-A44A-60780D5ADB1E}.Release|Any CPU.Build.0 = Release|Any CPU
		{F3A642E5-B71D-49F9-9FAE-8D874B98EE99}.Debug|Any CPU.ActiveCfg = Debug|Any CPU
		{F3A642E5-B71D-49F9-9FAE-8D874B98EE99}.Debug|Any CPU.Build.0 = Debug|Any CPU
		{F3A642E5-B71D-49F9-9FAE-8D874B98EE99}.Release|Any CPU.ActiveCfg = Release|Any CPU
		{F3A642E5-B71D-49F9-9FAE-8D874B98EE99}.Release|Any CPU.Build.0 = Release|Any CPU
	EndGlobalSection
	GlobalSection(SolutionProperties) = preSolution
		HideSolutionNode = FALSE
	EndGlobalSection
	GlobalSection(ExtensibilityGlobals) = postSolution
		SolutionGuid = {7ABF607C-7648-41BE-9A77-88B5289B923B}
	EndGlobalSection
EndGlobal
